
Microsoft Visual Studio Solution File, Format Version 12.00
# Visual Studio Version 16
VisualStudioVersion = 16.0.29102.190
MinimumVisualStudioVersion = 10.0.40219.1
Project("{FAE04EC0-301F-11D3-BF4B-00C04F79EFBC}") = "Oficina", "Oficina\Oficina.csproj", "{4581BF71-569D-43F6-8140-CC0AC0157D5D}"
EndProject
Global
	GlobalSection(SolutionConfigurationPlatforms) = preSolution
		Debug|Any CPU = Debug|Any CPU
		Release|Any CPU = Release|Any CPU
	EndGlobalSection
	GlobalSection(ProjectConfigurationPlatforms) = postSolution
		{4581BF71-569D-43F6-8140-CC0AC0157D5D}.Debug|Any CPU.ActiveCfg = Debug|Any CPU
		{4581BF71-569D-43F6-8140-CC0AC0157D5D}.Debug|Any CPU.Build.0 = Debug|Any CPU
		{4581BF71-569D-43F6-8140-CC0AC0157D5D}.Release|Any CPU.ActiveCfg = Release|Any CPU
		{4581BF71-569D-43F6-8140-CC0AC0157D5D}.Release|Any CPU.Build.0 = Release|Any CPU
	EndGlobalSection
	GlobalSection(SolutionProperties) = preSolution
		HideSolutionNode = FALSE
	EndGlobalSection
	GlobalSection(ExtensibilityGlobals) = postSolution
		SolutionGuid = {578AB68D-7EED-46F3-9AD2-06549145791B}
	EndGlobalSection
EndGlobal
